
Microsoft Visual Studio Solution File, Format Version 12.00
# Visual Studio Version 17
VisualStudioVersion = 17.1.32328.378
MinimumVisualStudioVersion = 10.0.40219.1
Project("{FAE04EC0-301F-11D3-BF4B-00C04F79EFBC}") = "SocketCliente", "ClienteHolaMundo\SocketCliente.csproj", "{0165B8AF-0053-4449-A665-33D381C5F453}"
EndProject
Global
	GlobalSection(SolutionConfigurationPlatforms) = preSolution
		Debug|Any CPU = Debug|Any CPU
		Release|Any CPU = Release|Any CPU
	EndGlobalSection
	GlobalSection(ProjectConfigurationPlatforms) = postSolution
		{0165B8AF-0053-4449-A665-33D381C5F453}.Debug|Any CPU.ActiveCfg = Debug|Any CPU
		{0165B8AF-0053-4449-A665-33D381C5F453}.Debug|Any CPU.Build.0 = Debug|Any CPU
		{0165B8AF-0053-4449-A665-33D381C5F453}.Release|Any CPU.ActiveCfg = Release|Any CPU
		{0165B8AF-0053-4449-A665-33D381C5F453}.Release|Any CPU.Build.0 = Release|Any CPU
	EndGlobalSection
	GlobalSection(SolutionProperties) = preSolution
		HideSolutionNode = FALSE
	EndGlobalSection
	GlobalSection(ExtensibilityGlobals) = postSolution
		SolutionGuid = {58A482F4-0490-46A7-A2E9-9F180D9E0245}
	EndGlobalSection
EndGlobal
